
Microsoft Visual Studio Solution File, Format Version 12.00
# Visual Studio 15
VisualStudioVersion = 15.0.27004.2006
MinimumVisualStudioVersion = 10.0.40219.1
Project("{9A19103F-16F7-4668-BE54-9A1E7A4F7556}") = "QRCash", "QRCash\QRCash.csproj", "{1E11DFAF-B95F-412E-93B3-FAB6BDD047BC}"
EndProject
Global
	GlobalSection(SolutionConfigurationPlatforms) = preSolution
		Debug|Any CPU = Debug|Any CPU
		Release|Any CPU = Release|Any CPU
	EndGlobalSection
	GlobalSection(ProjectConfigurationPlatforms) = postSolution
		{1E11DFAF-B95F-412E-93B3-FAB6BDD047BC}.Debug|Any CPU.ActiveCfg = Debug|Any CPU
		{1E11DFAF-B95F-412E-93B3-FAB6BDD047BC}.Debug|Any CPU.Build.0 = Debug|Any CPU
		{1E11DFAF-B95F-412E-93B3-FAB6BDD047BC}.Release|Any CPU.ActiveCfg = Release|Any CPU
		{1E11DFAF-B95F-412E-93B3-FAB6BDD047BC}.Release|Any CPU.Build.0 = Release|Any CPU
	EndGlobalSection
	GlobalSection(SolutionProperties) = preSolution
		HideSolutionNode = FALSE
	EndGlobalSection
	GlobalSection(ExtensibilityGlobals) = postSolution
		SolutionGuid = {8A688779-C397-4E1F-BC6C-B5686F34AB84}
	EndGlobalSection
EndGlobal
